
Microsoft Visual Studio Solution File, Format Version 12.00
# Visual Studio Version 17
VisualStudioVersion = 17.0.31919.166
MinimumVisualStudioVersion = 10.0.40219.1
Project("{2150E333-8FDC-42A3-9474-1A3956D46DE8}") = "Solution Items", "Solution Items", "{9C7A67AC-A5FD-4133-8007-320A840ADBAC}"
	ProjectSection(SolutionItems) = preProject
		.gitignore = .gitignore
		Readme.md = Readme.md
		Changelog.md = Changelog.md
		Build\Build.Configuration.cs = Build\Build.Configuration.cs
	EndProjectSection
EndProject
Project("{9A19103F-16F7-4668-BE54-9A1E7A4F7556}") = "Build", "Build\Build.csproj", "{69A95C40-6A3B-4827-9DF3-AB8B79E52F42}"
EndProject
Project("{9A19103F-16F7-4668-BE54-9A1E7A4F7556}") = "Nice3point.Revit.Toolkit", "source\Nice3point.Revit.Toolkit\Nice3point.Revit.Toolkit.csproj", "{63ADFFCF-A009-449E-9F19-2611A01EDFCA}"
EndProject
Global
	GlobalSection(SolutionConfigurationPlatforms) = preSolution
		Debug R20|Any CPU = Debug R20|Any CPU
		Debug R21|Any CPU = Debug R21|Any CPU
		Debug R22|Any CPU = Debug R22|Any CPU
		Debug R23|Any CPU = Debug R23|Any CPU
		Debug R24|Any CPU = Debug R24|Any CPU
		Debug R25|Any CPU = Debug R25|Any CPU
		Debug R26|Any CPU = Debug R26|Any CPU
		Release R20|Any CPU = Release R20|Any CPU
		Release R21|Any CPU = Release R21|Any CPU
		Release R22|Any CPU = Release R22|Any CPU
		Release R23|Any CPU = Release R23|Any CPU
		Release R24|Any CPU = Release R24|Any CPU
		Release R25|Any CPU = Release R25|Any CPU
		Release R26|Any CPU = Release R26|Any CPU
	EndGlobalSection
	GlobalSection(ProjectConfigurationPlatforms) = postSolution
		{69A95C40-6A3B-4827-9DF3-AB8B79E52F42}.Debug R20|Any CPU.ActiveCfg = Debug|Any CPU
		{69A95C40-6A3B-4827-9DF3-AB8B79E52F42}.Debug R21|Any CPU.ActiveCfg = Debug|Any CPU
		{69A95C40-6A3B-4827-9DF3-AB8B79E52F42}.Debug R22|Any CPU.ActiveCfg = Debug|Any CPU
		{69A95C40-6A3B-4827-9DF3-AB8B79E52F42}.Debug R23|Any CPU.ActiveCfg = Debug|Any CPU
		{69A95C40-6A3B-4827-9DF3-AB8B79E52F42}.Debug R24|Any CPU.ActiveCfg = Debug|Any CPU
		{69A95C40-6A3B-4827-9DF3-AB8B79E52F42}.Debug R25|Any CPU.ActiveCfg = Debug|Any CPU
		{69A95C40-6A3B-4827-9DF3-AB8B79E52F42}.Release R20|Any CPU.ActiveCfg = Release|Any CPU
		{69A95C40-6A3B-4827-9DF3-AB8B79E52F42}.Release R21|Any CPU.ActiveCfg = Release|Any CPU
		{69A95C40-6A3B-4827-9DF3-AB8B79E52F42}.Release R22|Any CPU.ActiveCfg = Release|Any CPU
		{69A95C40-6A3B-4827-9DF3-AB8B79E52F42}.Release R23|Any CPU.ActiveCfg = Release|Any CPU
		{69A95C40-6A3B-4827-9DF3-AB8B79E52F42}.Release R24|Any CPU.ActiveCfg = Release|Any CPU
		{69A95C40-6A3B-4827-9DF3-AB8B79E52F42}.Release R25|Any CPU.ActiveCfg = Release|Any CPU
		{69A95C40-6A3B-4827-9DF3-AB8B79E52F42}.Debug R26|Any CPU.ActiveCfg = Debug|Any CPU
		{69A95C40-6A3B-4827-9DF3-AB8B79E52F42}.Release R26|Any CPU.ActiveCfg = Release|Any CPU
		{63ADFFCF-A009-449E-9F19-2611A01EDFCA}.Debug R20|Any CPU.ActiveCfg = Debug R20|Any CPU
		{63ADFFCF-A009-449E-9F19-2611A01EDFCA}.Debug R20|Any CPU.Build.0 = Debug R20|Any CPU
		{63ADFFCF-A009-449E-9F19-2611A01EDFCA}.Debug R21|Any CPU.ActiveCfg = Debug R21|Any CPU
		{63ADFFCF-A009-449E-9F19-2611A01EDFCA}.Debug R21|Any CPU.Build.0 = Debug R21|Any CPU
		{63ADFFCF-A009-449E-9F19-2611A01EDFCA}.Debug R22|Any CPU.ActiveCfg = Debug R22|Any CPU
		{63ADFFCF-A009-449E-9F19-2611A01EDFCA}.Debug R22|Any CPU.Build.0 = Debug R22|Any CPU
		{63ADFFCF-A009-449E-9F19-2611A01EDFCA}.Debug R23|Any CPU.ActiveCfg = Debug R23|Any CPU
		{63ADFFCF-A009-449E-9F19-2611A01EDFCA}.Debug R23|Any CPU.Build.0 = Debug R23|Any CPU
								{63ADFFCF-A009-449E-9F19-2611A01EDFCA}.Debug R24|Any CPU.ActiveCfg = Debug R24|Any CPU
								{63ADFFCF-A009-449E-9F19-2611A01EDFCA}.Debug R24|Any CPU.Build.0 = Debug R24|Any CPU
								{63ADFFCF-A009-449E-9F19-2611A01EDFCA}.Debug R25|Any CPU.ActiveCfg = Debug R25|Any CPU
								{63ADFFCF-A009-449E-9F19-2611A01EDFCA}.Debug R25|Any CPU.Build.0 = Debug R25|Any CPU
		{63ADFFCF-A009-449E-9F19-2611A01EDFCA}.Release R20|Any CPU.ActiveCfg = Release R20|Any CPU
		{63ADFFCF-A009-449E-9F19-2611A01EDFCA}.Release R20|Any CPU.Build.0 = Release R20|Any CPU
		{63ADFFCF-A009-449E-9F19-2611A01EDFCA}.Release R21|Any CPU.ActiveCfg = Release R21|Any CPU
		{63ADFFCF-A009-449E-9F19-2611A01EDFCA}.Release R21|Any CPU.Build.0 = Release R21|Any CPU
		{63ADFFCF-A009-449E-9F19-2611A01EDFCA}.Release R22|Any CPU.ActiveCfg = Release R22|Any CPU
		{63ADFFCF-A009-449E-9F19-2611A01EDFCA}.Release R22|Any CPU.Build.0 = Release R22|Any CPU
		{63ADFFCF-A009-449E-9F19-2611A01EDFCA}.Release R23|Any CPU.ActiveCfg = Release R23|Any CPU
		{63ADFFCF-A009-449E-9F19-2611A01EDFCA}.Release R23|Any CPU.Build.0 = Release R23|Any CPU
								{63ADFFCF-A009-449E-9F19-2611A01EDFCA}.Release R24|Any CPU.ActiveCfg = Release R24|Any CPU
								{63ADFFCF-A009-449E-9F19-2611A01EDFCA}.Release R24|Any CPU.Build.0 = Release R24|Any CPU
								{63ADFFCF-A009-449E-9F19-2611A01EDFCA}.Release R25|Any CPU.ActiveCfg = Release R25|Any CPU
								{63ADFFCF-A009-449E-9F19-2611A01EDFCA}.Release R25|Any CPU.Build.0 = Release R25|Any CPU
		{63ADFFCF-A009-449E-9F19-2611A01EDFCA}.Debug R26|Any CPU.ActiveCfg = Debug R26|Any CPU
		{63ADFFCF-A009-449E-9F19-2611A01EDFCA}.Debug R26|Any CPU.Build.0 = Debug R26|Any CPU
		{63ADFFCF-A009-449E-9F19-2611A01EDFCA}.Release R26|Any CPU.ActiveCfg = Release R26|Any CPU
		{63ADFFCF-A009-449E-9F19-2611A01EDFCA}.Release R26|Any CPU.Build.0 = Release R26|Any CPU
	EndGlobalSection
EndGlobal
